
Microsoft Visual Studio Solution File, Format Version 12.00
Project("{F2A71F9B-5D33-465A-A702-920D77279786}") = "Task1", "Task1\Task1.fsproj", "{B0ACF85D-E4EC-422D-96EE-2B1DFC5AD0B4}"
EndProject
Project("{F2A71F9B-5D33-465A-A702-920D77279786}") = "Tests", "Tests\Tests.fsproj", "{2B57AE7E-7024-4035-9D46-CD631586B8CA}"
EndProject
Project("{F2A71F9B-5D33-465A-A702-920D77279786}") = "Task2", "Task2\Task2.fsproj", "{11EF17E9-1AD3-4F97-8077-5035B69FF5E7}"
EndProject
Project("{F2A71F9B-5D33-465A-A702-920D77279786}") = "Task3", "Task3\Task3.fsproj", "{BA1437FD-EECB-4C12-BF91-8B3763147FA6}"
EndProject
Global
	GlobalSection(SolutionConfigurationPlatforms) = preSolution
		Debug|Any CPU = Debug|Any CPU
		Release|Any CPU = Release|Any CPU
	EndGlobalSection
	GlobalSection(ProjectConfigurationPlatforms) = postSolution
		{B0ACF85D-E4EC-422D-96EE-2B1DFC5AD0B4}.Debug|Any CPU.ActiveCfg = Debug|Any CPU
		{B0ACF85D-E4EC-422D-96EE-2B1DFC5AD0B4}.Debug|Any CPU.Build.0 = Debug|Any CPU
		{B0ACF85D-E4EC-422D-96EE-2B1DFC5AD0B4}.Release|Any CPU.ActiveCfg = Release|Any CPU
		{B0ACF85D-E4EC-422D-96EE-2B1DFC5AD0B4}.Release|Any CPU.Build.0 = Release|Any CPU
		{2B57AE7E-7024-4035-9D46-CD631586B8CA}.Debug|Any CPU.ActiveCfg = Debug|Any CPU
		{2B57AE7E-7024-4035-9D46-CD631586B8CA}.Debug|Any CPU.Build.0 = Debug|Any CPU
		{2B57AE7E-7024-4035-9D46-CD631586B8CA}.Release|Any CPU.ActiveCfg = Release|Any CPU
		{2B57AE7E-7024-4035-9D46-CD631586B8CA}.Release|Any CPU.Build.0 = Release|Any CPU
		{11EF17E9-1AD3-4F97-8077-5035B69FF5E7}.Debug|Any CPU.ActiveCfg = Debug|Any CPU
		{11EF17E9-1AD3-4F97-8077-5035B69FF5E7}.Debug|Any CPU.Build.0 = Debug|Any CPU
		{11EF17E9-1AD3-4F97-8077-5035B69FF5E7}.Release|Any CPU.ActiveCfg = Release|Any CPU
		{11EF17E9-1AD3-4F97-8077-5035B69FF5E7}.Release|Any CPU.Build.0 = Release|Any CPU
		{BA1437FD-EECB-4C12-BF91-8B3763147FA6}.Debug|Any CPU.ActiveCfg = Debug|Any CPU
		{BA1437FD-EECB-4C12-BF91-8B3763147FA6}.Debug|Any CPU.Build.0 = Debug|Any CPU
		{BA1437FD-EECB-4C12-BF91-8B3763147FA6}.Release|Any CPU.ActiveCfg = Release|Any CPU
		{BA1437FD-EECB-4C12-BF91-8B3763147FA6}.Release|Any CPU.Build.0 = Release|Any CPU
	EndGlobalSection
EndGlobal
