
Microsoft Visual Studio Solution File, Format Version 12.00
Project("{F2A71F9B-5D33-465A-A702-920D77279786}") = "H4Task1", "H4Task1\H4Task1.fsproj", "{67424DCD-89D0-4A3F-8A54-8AC940DE73C6}"
EndProject
Project("{F2A71F9B-5D33-465A-A702-920D77279786}") = "H4Task1Tests", "H4Task1Tests\H4Task1Tests.fsproj", "{E78272E9-8CED-44B4-85BC-0B07EE9299DB}"
EndProject
Project("{F2A71F9B-5D33-465A-A702-920D77279786}") = "H4Task2", "H4Task2\H4Task2.fsproj", "{77758A76-CE83-4D59-B8E1-EB2692C46C52}"
EndProject
Project("{F2A71F9B-5D33-465A-A702-920D77279786}") = "H4Task2Tests", "H4Task2Tests\H4Task2Tests.fsproj", "{0AA1CD0E-CA73-4E08-B773-7E99D40C6C20}"
EndProject
Global
	GlobalSection(SolutionConfigurationPlatforms) = preSolution
		Debug|Any CPU = Debug|Any CPU
		Release|Any CPU = Release|Any CPU
	EndGlobalSection
	GlobalSection(ProjectConfigurationPlatforms) = postSolution
		{67424DCD-89D0-4A3F-8A54-8AC940DE73C6}.Debug|Any CPU.ActiveCfg = Debug|Any CPU
		{67424DCD-89D0-4A3F-8A54-8AC940DE73C6}.Debug|Any CPU.Build.0 = Debug|Any CPU
		{67424DCD-89D0-4A3F-8A54-8AC940DE73C6}.Release|Any CPU.ActiveCfg = Release|Any CPU
		{67424DCD-89D0-4A3F-8A54-8AC940DE73C6}.Release|Any CPU.Build.0 = Release|Any CPU
		{E78272E9-8CED-44B4-85BC-0B07EE9299DB}.Debug|Any CPU.ActiveCfg = Debug|Any CPU
		{E78272E9-8CED-44B4-85BC-0B07EE9299DB}.Debug|Any CPU.Build.0 = Debug|Any CPU
		{E78272E9-8CED-44B4-85BC-0B07EE9299DB}.Release|Any CPU.ActiveCfg = Release|Any CPU
		{E78272E9-8CED-44B4-85BC-0B07EE9299DB}.Release|Any CPU.Build.0 = Release|Any CPU
		{77758A76-CE83-4D59-B8E1-EB2692C46C52}.Debug|Any CPU.ActiveCfg = Debug|Any CPU
		{77758A76-CE83-4D59-B8E1-EB2692C46C52}.Debug|Any CPU.Build.0 = Debug|Any CPU
		{77758A76-CE83-4D59-B8E1-EB2692C46C52}.Release|Any CPU.ActiveCfg = Release|Any CPU
		{77758A76-CE83-4D59-B8E1-EB2692C46C52}.Release|Any CPU.Build.0 = Release|Any CPU
		{0AA1CD0E-CA73-4E08-B773-7E99D40C6C20}.Debug|Any CPU.ActiveCfg = Debug|Any CPU
		{0AA1CD0E-CA73-4E08-B773-7E99D40C6C20}.Debug|Any CPU.Build.0 = Debug|Any CPU
		{0AA1CD0E-CA73-4E08-B773-7E99D40C6C20}.Release|Any CPU.ActiveCfg = Release|Any CPU
		{0AA1CD0E-CA73-4E08-B773-7E99D40C6C20}.Release|Any CPU.Build.0 = Release|Any CPU
	EndGlobalSection
EndGlobal
